
Microsoft Visual Studio Solution File, Format Version 12.00
# Visual Studio Version 17
VisualStudioVersion = 17.11.35303.130
MinimumVisualStudioVersion = 10.0.40219.1
Project("{FAE04EC0-301F-11D3-BF4B-00C04F79EFBC}") = "Ejercicio2", "Ejercicio2\Ejercicio2.csproj", "{35A4A5AB-F4CE-41C6-AAE5-07D20A3435D4}"
EndProject
Global
	GlobalSection(SolutionConfigurationPlatforms) = preSolution
		Debug|Any CPU = Debug|Any CPU
		Release|Any CPU = Release|Any CPU
	EndGlobalSection
	GlobalSection(ProjectConfigurationPlatforms) = postSolution
		{35A4A5AB-F4CE-41C6-AAE5-07D20A3435D4}.Debug|Any CPU.ActiveCfg = Debug|Any CPU
		{35A4A5AB-F4CE-41C6-AAE5-07D20A3435D4}.Debug|Any CPU.Build.0 = Debug|Any CPU
		{35A4A5AB-F4CE-41C6-AAE5-07D20A3435D4}.Release|Any CPU.ActiveCfg = Release|Any CPU
		{35A4A5AB-F4CE-41C6-AAE5-07D20A3435D4}.Release|Any CPU.Build.0 = Release|Any CPU
	EndGlobalSection
	GlobalSection(SolutionProperties) = preSolution
		HideSolutionNode = FALSE
	EndGlobalSection
	GlobalSection(ExtensibilityGlobals) = postSolution
		SolutionGuid = {22DAA3B1-A13B-4132-8726-C1980846B0C5}
	EndGlobalSection
EndGlobal
