
Microsoft Visual Studio Solution File, Format Version 12.00
# Visual Studio Version 17
VisualStudioVersion = 17.11.35303.130
MinimumVisualStudioVersion = 10.0.40219.1
Project("{FAE04EC0-301F-11D3-BF4B-00C04F79EFBC}") = "ShiftServer", "ShiftServer\ShiftServer.csproj", "{19A3F47C-5DA8-449B-9727-445241940B8B}"
EndProject
Global
	GlobalSection(SolutionConfigurationPlatforms) = preSolution
		Debug|Any CPU = Debug|Any CPU
		Release|Any CPU = Release|Any CPU
	EndGlobalSection
	GlobalSection(ProjectConfigurationPlatforms) = postSolution
		{19A3F47C-5DA8-449B-9727-445241940B8B}.Debug|Any CPU.ActiveCfg = Debug|Any CPU
		{19A3F47C-5DA8-449B-9727-445241940B8B}.Debug|Any CPU.Build.0 = Debug|Any CPU
		{19A3F47C-5DA8-449B-9727-445241940B8B}.Release|Any CPU.ActiveCfg = Release|Any CPU
		{19A3F47C-5DA8-449B-9727-445241940B8B}.Release|Any CPU.Build.0 = Release|Any CPU
	EndGlobalSection
	GlobalSection(SolutionProperties) = preSolution
		HideSolutionNode = FALSE
	EndGlobalSection
	GlobalSection(ExtensibilityGlobals) = postSolution
		SolutionGuid = {B94E0008-AA1D-4970-A334-F1221368ABB9}
	EndGlobalSection
EndGlobal
