
Microsoft Visual Studio Solution File, Format Version 12.00
# Visual Studio Version 17
VisualStudioVersion = 17.11.35303.130
MinimumVisualStudioVersion = 10.0.40219.1
Project("{FAE04EC0-301F-11D3-BF4B-00C04F79EFBC}") = "Tema5PruebaNuevosComponentes", "Tema5PruebaNuevosComponentes\Tema5PruebaNuevosComponentes.csproj", "{1B8FE7AD-4DA6-4012-A03B-7F700FA6C8BE}"
EndProject
Project("{FAE04EC0-301F-11D3-BF4B-00C04F79EFBC}") = "FormPruebaComponentes", "FormPruebaComponentes\FormPruebaComponentes.csproj", "{B919D39C-B32C-435A-8208-B12A320BD47F}"
EndProject
Global
	GlobalSection(SolutionConfigurationPlatforms) = preSolution
		Debug|Any CPU = Debug|Any CPU
		Release|Any CPU = Release|Any CPU
	EndGlobalSection
	GlobalSection(ProjectConfigurationPlatforms) = postSolution
		{1B8FE7AD-4DA6-4012-A03B-7F700FA6C8BE}.Debug|Any CPU.ActiveCfg = Debug|Any CPU
		{1B8FE7AD-4DA6-4012-A03B-7F700FA6C8BE}.Debug|Any CPU.Build.0 = Debug|Any CPU
		{1B8FE7AD-4DA6-4012-A03B-7F700FA6C8BE}.Release|Any CPU.ActiveCfg = Release|Any CPU
		{1B8FE7AD-4DA6-4012-A03B-7F700FA6C8BE}.Release|Any CPU.Build.0 = Release|Any CPU
		{B919D39C-B32C-435A-8208-B12A320BD47F}.Debug|Any CPU.ActiveCfg = Debug|Any CPU
		{B919D39C-B32C-435A-8208-B12A320BD47F}.Debug|Any CPU.Build.0 = Debug|Any CPU
		{B919D39C-B32C-435A-8208-B12A320BD47F}.Release|Any CPU.ActiveCfg = Release|Any CPU
		{B919D39C-B32C-435A-8208-B12A320BD47F}.Release|Any CPU.Build.0 = Release|Any CPU
	EndGlobalSection
	GlobalSection(SolutionProperties) = preSolution
		HideSolutionNode = FALSE
	EndGlobalSection
	GlobalSection(ExtensibilityGlobals) = postSolution
		SolutionGuid = {FEBB8FAC-CD7F-4687-B312-0E674E739E54}
	EndGlobalSection
EndGlobal
