
Microsoft Visual Studio Solution File, Format Version 12.00
# Visual Studio Version 17
VisualStudioVersion = 17.11.35303.130
MinimumVisualStudioVersion = 10.0.40219.1
Project("{FAE04EC0-301F-11D3-BF4B-00C04F79EFBC}") = "Servidor", "Servidor\Servidor.csproj", "{6A50A9A4-B006-4C7D-B602-4A7B89D5D17A}"
EndProject
Global
	GlobalSection(SolutionConfigurationPlatforms) = preSolution
		Debug|Any CPU = Debug|Any CPU
		Release|Any CPU = Release|Any CPU
	EndGlobalSection
	GlobalSection(ProjectConfigurationPlatforms) = postSolution
		{6A50A9A4-B006-4C7D-B602-4A7B89D5D17A}.Debug|Any CPU.ActiveCfg = Debug|Any CPU
		{6A50A9A4-B006-4C7D-B602-4A7B89D5D17A}.Debug|Any CPU.Build.0 = Debug|Any CPU
		{6A50A9A4-B006-4C7D-B602-4A7B89D5D17A}.Release|Any CPU.ActiveCfg = Release|Any CPU
		{6A50A9A4-B006-4C7D-B602-4A7B89D5D17A}.Release|Any CPU.Build.0 = Release|Any CPU
	EndGlobalSection
	GlobalSection(SolutionProperties) = preSolution
		HideSolutionNode = FALSE
	EndGlobalSection
	GlobalSection(ExtensibilityGlobals) = postSolution
		SolutionGuid = {FC07C230-9123-421D-8C63-F4CF37D56652}
	EndGlobalSection
EndGlobal
